
Microsoft Visual Studio Solution File, Format Version 12.00
# Visual Studio Version 17
VisualStudioVersion = 17.13.35825.156
MinimumVisualStudioVersion = 10.0.40219.1
Project("{FAE04EC0-301F-11D3-BF4B-00C04F79EFBC}") = "student_management_fe", "student_management_fe\student_management_fe.csproj", "{45AA48BA-A46C-43F2-8D1B-C5CD6836579B}"
EndProject
Global
	GlobalSection(SolutionConfigurationPlatforms) = preSolution
		Debug|Any CPU = Debug|Any CPU
		Release|Any CPU = Release|Any CPU
	EndGlobalSection
	GlobalSection(ProjectConfigurationPlatforms) = postSolution
		{45AA48BA-A46C-43F2-8D1B-C5CD6836579B}.Debug|Any CPU.ActiveCfg = Debug|Any CPU
		{45AA48BA-A46C-43F2-8D1B-C5CD6836579B}.Debug|Any CPU.Build.0 = Debug|Any CPU
		{45AA48BA-A46C-43F2-8D1B-C5CD6836579B}.Release|Any CPU.ActiveCfg = Release|Any CPU
		{45AA48BA-A46C-43F2-8D1B-C5CD6836579B}.Release|Any CPU.Build.0 = Release|Any CPU
	EndGlobalSection
	GlobalSection(SolutionProperties) = preSolution
		HideSolutionNode = FALSE
	EndGlobalSection
	GlobalSection(ExtensibilityGlobals) = postSolution
		SolutionGuid = {5E898A99-E9C3-4EC8-AAC7-CB236AFDC027}
	EndGlobalSection
EndGlobal
